// !$*UTF8*$!
{
	archiveVersion = 1;
	classes = {
	};
	objectVersion = 46;
	objects = {

/* Begin PBXBuildFile section */
		12EC7FC514DCECB80054ED1B /* Cocoa.framework in Frameworks */ = {isa = PBXBuildFile; fileRef = 12EC7FC414DCECB80054ED1B /* Cocoa.framework */; };
		12EC7FCF14DCECB80054ED1B /* InfoPlist.strings in Resources */ = {isa = PBXBuildFile; fileRef = 12EC7FCD14DCECB80054ED1B /* InfoPlist.strings */; };
		12EC7FD114DCECB80054ED1B /* main.m in Sources */ = {isa = PBXBuildFile; fileRef = 12EC7FD014DCECB80054ED1B /* main.m */; };
		12EC7FD514DCECB80054ED1B /* Credits.rtf in Resources */ = {isa = PBXBuildFile; fileRef = 12EC7FD314DCECB80054ED1B /* Credits.rtf */; };
		12EC7FD814DCECB80054ED1B /* ipShowAppDelegate.m in Sources */ = {isa = PBXBuildFile; fileRef = 12EC7FD714DCECB80054ED1B /* ipShowAppDelegate.m */; };
		12EC7FDB14DCECB80054ED1B /* MainMenu.xib in Resources */ = {isa = PBXBuildFile; fileRef = 12EC7FD914DCECB80054ED1B /* MainMenu.xib */; };
		12EC7FE314DCEE0B0054ED1B /* IpCheck.m in Sources */ = {isa = PBXBuildFile; fileRef = 12EC7FE214DCEE0B0054ED1B /* IpCheck.m */; };
/* End PBXBuildFile section */

/* Begin PBXFileReference section */
		12EC7FC014DCECB80054ED1B /* ipShow.app */ = {isa = PBXFileReference; explicitFileType = wrapper.application; includeInIndex = 0; path = ipShow.app; sourceTree = BUILT_PRODUCTS_DIR; };
		12EC7FC414DCECB80054ED1B /* Cocoa.framework */ = {isa = PBXFileReference; lastKnownFileType = wrapper.framework; name = Cocoa.framework; path = System/Library/Frameworks/Cocoa.framework; sourceTree = SDKROOT; };
		12EC7FC714DCECB80054ED1B /* AppKit.framework */ = {isa = PBXFileReference; lastKnownFileType = wrapper.framework; name = AppKit.framework; path = System/Library/Frameworks/AppKit.framework; sourceTree = SDKROOT; };
		12EC7FC814DCECB80054ED1B /* CoreData.framework */ = {isa = PBXFileReference; lastKnownFileType = wrapper.framework; name = CoreData.framework; path = System/Library/Frameworks/CoreData.framework; sourceTree = SDKROOT; };
		12EC7FC914DCECB80054ED1B /* Foundation.framework */ = {isa = PBXFileReference; lastKnownFileType = wrapper.framework; name = Foundation.framework; path = System/Library/Frameworks/Foundation.framework; sourceTree = SDKROOT; };
		12EC7FCC14DCECB80054ED1B /* ipShow-Info.plist */ = {isa = PBXFileReference; lastKnownFileType = text.plist.xml; path = "ipShow-Info.plist"; sourceTree = "<group>"; };
		12EC7FCE14DCECB80054ED1B /* en */ = {isa = PBXFileReference; lastKnownFileType = text.plist.strings; name = en; path = en.lproj/InfoPlist.strings; sourceTree = "<group>"; };
		12EC7FD014DCECB80054ED1B /* main.m */ = {isa = PBXFileReference; lastKnownFileType = sourcecode.c.objc; path = main.m; sourceTree = "<group>"; };
		12EC7FD214DCECB80054ED1B /* ipShow-Prefix.pch */ = {isa = PBXFileReference; lastKnownFileType = sourcecode.c.h; path = "ipShow-Prefix.pch"; sourceTree = "<group>"; };
		12EC7FD414DCECB80054ED1B /* en */ = {isa = PBXFileReference; lastKnownFileType = text.rtf; name = en; path = en.lproj/Credits.rtf; sourceTree = "<group>"; };
		12EC7FD614DCECB80054ED1B /* ipShowAppDelegate.h */ = {isa = PBXFileReference; lastKnownFileType = sourcecode.c.h; path = ipShowAppDelegate.h; sourceTree = "<group>"; };
		12EC7FD714DCECB80054ED1B /* ipShowAppDelegate.m */ = {isa = PBXFileReference; lastKnownFileType = sourcecode.c.objc; path = ipShowAppDelegate.m; sourceTree = "<group>"; };
		12EC7FDA14DCECB80054ED1B /* en */ = {isa = PBXFileReference; lastKnownFileType = file.xib; name = en; path = en.lproj/MainMenu.xib; sourceTree = "<group>"; };
		12EC7FE114DCEE0B0054ED1B /* IpCheck.h */ = {isa = PBXFileReference; fileEncoding = 4; lastKnownFileType = sourcecode.c.h; path = IpCheck.h; sourceTree = "<group>"; };
		12EC7FE214DCEE0B0054ED1B /* IpCheck.m */ = {isa = PBXFileReference; fileEncoding = 4; lastKnownFileType = sourcecode.c.objc; path = IpCheck.m; sourceTree = "<group>"; };
/* End PBXFileReference section */

/* Begin PBXFrameworksBuildPhase section */
		12EC7FBD14DCECB80054ED1B /* Frameworks */ = {
			isa = PBXFrameworksBuildPhase;
			buildActionMask = 2147483647;
			files = (
				12EC7FC514DCECB80054ED1B /* Cocoa.framework in Frameworks */,
			);
			runOnlyForDeploymentPostprocessing = 0;
		};
/* End PBXFrameworksBuildPhase section */

/* Begin PBXGroup section */
		12EC7FB514DCECB80054ED1B = {
			isa = PBXGroup;
			children = (
				12EC7FCA14DCECB80054ED1B /* ipShow */,
				12EC7FC314DCECB80054ED1B /* Frameworks */,
				12EC7FC114DCECB80054ED1B /* Products */,
			);
			sourceTree = "<group>";
		};
		12EC7FC114DCECB80054ED1B /* Products */ = {
			isa = PBXGroup;
			children = (
				12EC7FC014DCECB80054ED1B /* ipShow.app */,
			);
			name = Products;
			sourceTree = "<group>";
		};
		12EC7FC314DCECB80054ED1B /* Frameworks */ = {
			isa = PBXGroup;
			children = (
				12EC7FC414DCECB80054ED1B /* Cocoa.framework */,
				12EC7FC614DCECB80054ED1B /* Other Frameworks */,
			);
			name = Frameworks;
			sourceTree = "<group>";
		};
		12EC7FC614DCECB80054ED1B /* Other Frameworks */ = {
			isa = PBXGroup;
			children = (
				12EC7FC714DCECB80054ED1B /* AppKit.framework */,
				12EC7FC814DCECB80054ED1B /* CoreData.framework */,
				12EC7FC914DCECB80054ED1B /* Foundation.framework */,
			);
			name = "Other Frameworks";
			sourceTree = "<group>";
		};
		12EC7FCA14DCECB80054ED1B /* ipShow */ = {
			isa = PBXGroup;
			children = (
				12EC7FD614DCECB80054ED1B /* ipShowAppDelegate.h */,
				12EC7FD714DCECB80054ED1B /* ipShowAppDelegate.m */,
				12EC7FD914DCECB80054ED1B /* MainMenu.xib */,
				12EC7FCB14DCECB80054ED1B /* Supporting Files */,
				12EC7FE114DCEE0B0054ED1B /* IpCheck.h */,
				12EC7FE214DCEE0B0054ED1B /* IpCheck.m */,
			);
			path = ipShow;
			sourceTree = "<group>";
		};
		12EC7FCB14DCECB80054ED1B /* Supporting Files */ = {
			isa = PBXGroup;
			children = (
				12EC7FCC14DCECB80054ED1B /* ipShow-Info.plist */,
				12EC7FCD14DCECB80054ED1B /* InfoPlist.strings */,
				12EC7FD014DCECB80054ED1B /* main.m */,
				12EC7FD214DCECB80054ED1B /* ipShow-Prefix.pch */,
				12EC7FD314DCECB80054ED1B /* Credits.rtf */,
			);
			name = "Supporting Files";
			sourceTree = "<group>";
		};
/* End PBXGroup section */

/* Begin PBXNativeTarget section */
		12EC7FBF14DCECB80054ED1B /* ipShow */ = {
			isa = PBXNativeTarget;
			buildConfigurationList = 12EC7FDE14DCECB80054ED1B /* Build configuration list for PBXNativeTarget "ipShow" */;
			buildPhases = (
				12EC7FBC14DCECB80054ED1B /* Sources */,
				12EC7FBD14DCECB80054ED1B /* Frameworks */,
				12EC7FBE14DCECB80054ED1B /* Resources */,
			);
			buildRules = (
			);
			dependencies = (
			);
			name = ipShow;
			productName = ipShow;
			productReference = 12EC7FC014DCECB80054ED1B /* ipShow.app */;
			productType = "com.apple.product-type.application";
		};
/* End PBXNativeTarget section */

/* Begin PBXProject section */
		12EC7FB714DCECB80054ED1B /* Project object */ = {
			isa = PBXProject;
			buildConfigurationList = 12EC7FBA14DCECB80054ED1B /* Build configuration list for PBXProject "ipShow" */;
			compatibilityVersion = "Xcode 3.2";
			developmentRegion = English;
			hasScannedForEncodings = 0;
			knownRegions = (
				en,
			);
			mainGroup = 12EC7FB514DCECB80054ED1B;
			productRefGroup = 12EC7FC114DCECB80054ED1B /* Products */;
			projectDirPath = "";
			projectRoot = "";
			targets = (
				12EC7FBF14DCECB80054ED1B /* ipShow */,
			);
		};
/* End PBXProject section */

/* Begin PBXResourcesBuildPhase section */
		12EC7FBE14DCECB80054ED1B /* Resources */ = {
			isa = PBXResourcesBuildPhase;
			buildActionMask = 2147483647;
			files = (
				12EC7FCF14DCECB80054ED1B /* InfoPlist.strings in Resources */,
				12EC7FD514DCECB80054ED1B /* Credits.rtf in Resources */,
				12EC7FDB14DCECB80054ED1B /* MainMenu.xib in Resources */,
			);
			runOnlyForDeploymentPostprocessing = 0;
		};
/* End PBXResourcesBuildPhase section */

/* Begin PBXSourcesBuildPhase section */
		12EC7FBC14DCECB80054ED1B /* Sources */ = {
			isa = PBXSourcesBuildPhase;
			buildActionMask = 2147483647;
			files = (
				12EC7FD114DCECB80054ED1B /* main.m in Sources */,
				12EC7FD814DCECB80054ED1B /* ipShowAppDelegate.m in Sources */,
				12EC7FE314DCEE0B0054ED1B /* IpCheck.m in Sources */,
			);
			runOnlyForDeploymentPostprocessing = 0;
		};
/* End PBXSourcesBuildPhase section */

/* Begin PBXVariantGroup section */
		12EC7FCD14DCECB80054ED1B /* InfoPlist.strings */ = {
			isa = PBXVariantGroup;
			children = (
				12EC7FCE14DCECB80054ED1B /* en */,
			);
			name = InfoPlist.strings;
			sourceTree = "<group>";
		};
		12EC7FD314DCECB80054ED1B /* Credits.rtf */ = {
			isa = PBXVariantGroup;
			children = (
				12EC7FD414DCECB80054ED1B /* en */,
			);
			name = Credits.rtf;
			sourceTree = "<group>";
		};
		12EC7FD914DCECB80054ED1B /* MainMenu.xib */ = {
			isa = PBXVariantGroup;
			children = (
				12EC7FDA14DCECB80054ED1B /* en */,
			);
			name = MainMenu.xib;
			sourceTree = "<group>";
		};
/* End PBXVariantGroup section */

/* Begin XCBuildConfiguration section */
		12EC7FDC14DCECB80054ED1B /* Debug */ = {
			isa = XCBuildConfiguration;
			buildSettings = {
				ALWAYS_SEARCH_USER_PATHS = NO;
				ARCHS = "$(ARCHS_STANDARD_64_BIT)";
				COPY_PHASE_STRIP = NO;
				GCC_C_LANGUAGE_STANDARD = gnu99;
				GCC_DYNAMIC_NO_PIC = NO;
				GCC_ENABLE_OBJC_EXCEPTIONS = YES;
				GCC_OPTIMIZATION_LEVEL = 0;
				GCC_PREPROCESSOR_DEFINITIONS = (
					"DEBUG=1",
					"$(inherited)",
				);
				GCC_SYMBOLS_PRIVATE_EXTERN = NO;
				GCC_VERSION = com.apple.compilers.llvm.clang.1_0;
				GCC_WARN_64_TO_32_BIT_CONVERSION = YES;
				GCC_WARN_ABOUT_MISSING_PROTOTYPES = YES;
				GCC_WARN_ABOUT_RETURN_TYPE = YES;
				GCC_WARN_UNUSED_VARIABLE = YES;
				MACOSX_DEPLOYMENT_TARGET = 10.7;
				ONLY_ACTIVE_ARCH = YES;
				SDKROOT = macosx;
			};
			name = Debug;
		};
		12EC7FDD14DCECB80054ED1B /* Release */ = {
			isa = XCBuildConfiguration;
			buildSettings = {
				ALWAYS_SEARCH_USER_PATHS = NO;
				ARCHS = "$(ARCHS_STANDARD_64_BIT)";
				COPY_PHASE_STRIP = YES;
				DEBUG_INFORMATION_FORMAT = "dwarf-with-dsym";
				GCC_C_LANGUAGE_STANDARD = gnu99;
				GCC_ENABLE_OBJC_EXCEPTIONS = YES;
				GCC_VERSION = com.apple.compilers.llvm.clang.1_0;
				GCC_WARN_64_TO_32_BIT_CONVERSION = YES;
				GCC_WARN_ABOUT_MISSING_PROTOTYPES = YES;
				GCC_WARN_ABOUT_RETURN_TYPE = YES;
				GCC_WARN_UNUSED_VARIABLE = YES;
				MACOSX_DEPLOYMENT_TARGET = 10.7;
				SDKROOT = macosx;
			};
			name = Release;
		};
		12EC7FDF14DCECB80054ED1B /* Debug */ = {
			isa = XCBuildConfiguration;
			buildSettings = {
				GCC_PRECOMPILE_PREFIX_HEADER = YES;
				GCC_PREFIX_HEADER = "ipShow/ipShow-Prefix.pch";
				INFOPLIST_FILE = "ipShow/ipShow-Info.plist";
				PRODUCT_NAME = "$(TARGET_NAME)";
				WRAPPER_EXTENSION = app;
			};
			name = Debug;
		};
		12EC7FE014DCECB80054ED1B /* Release */ = {
			isa = XCBuildConfiguration;
			buildSettings = {
				GCC_PRECOMPILE_PREFIX_HEADER = YES;
				GCC_PREFIX_HEADER = "ipShow/ipShow-Prefix.pch";
				INFOPLIST_FILE = "ipShow/ipShow-Info.plist";
				PRODUCT_NAME = "$(TARGET_NAME)";
				WRAPPER_EXTENSION = app;
			};
			name = Release;
		};
/* End XCBuildConfiguration section */

/* Begin XCConfigurationList section */
		12EC7FBA14DCECB80054ED1B /* Build configuration list for PBXProject "ipShow" */ = {
			isa = XCConfigurationList;
			buildConfigurations = (
				12EC7FDC14DCECB80054ED1B /* Debug */,
				12EC7FDD14DCECB80054ED1B /* Release */,
			);
			defaultConfigurationIsVisible = 0;
			defaultConfigurationName = Release;
		};
		12EC7FDE14DCECB80054ED1B /* Build configuration list for PBXNativeTarget "ipShow" */ = {
			isa = XCConfigurationList;
			buildConfigurations = (
				12EC7FDF14DCECB80054ED1B /* Debug */,
				12EC7FE014DCECB80054ED1B /* Release */,
			);
			defaultConfigurationIsVisible = 0;
		};
/* End XCConfigurationList section */
	};
	rootObject = 12EC7FB714DCECB80054ED1B /* Project object */;
}
